
Microsoft Visual Studio Solution File, Format Version 12.00
# Visual Studio Version 16
VisualStudioVersion = 16.0.31911.196
MinimumVisualStudioVersion = 10.0.40219.1
Project("{FAE04EC0-301F-11D3-BF4B-00C04F79EFBC}") = "OnlineBookstore", "OnlineBookstore\OnlineBookstore.csproj", "{0922A6DC-C21E-4959-A6D0-26CCEE5BD271}"
EndProject
Global
	GlobalSection(SolutionConfigurationPlatforms) = preSolution
		Debug|Any CPU = Debug|Any CPU
		Release|Any CPU = Release|Any CPU
	EndGlobalSection
	GlobalSection(ProjectConfigurationPlatforms) = postSolution
		{0922A6DC-C21E-4959-A6D0-26CCEE5BD271}.Debug|Any CPU.ActiveCfg = Debug|Any CPU
		{0922A6DC-C21E-4959-A6D0-26CCEE5BD271}.Debug|Any CPU.Build.0 = Debug|Any CPU
		{0922A6DC-C21E-4959-A6D0-26CCEE5BD271}.Release|Any CPU.ActiveCfg = Release|Any CPU
		{0922A6DC-C21E-4959-A6D0-26CCEE5BD271}.Release|Any CPU.Build.0 = Release|Any CPU
	EndGlobalSection
	GlobalSection(SolutionProperties) = preSolution
		HideSolutionNode = FALSE
	EndGlobalSection
	GlobalSection(ExtensibilityGlobals) = postSolution
		SolutionGuid = {CE694674-143D-4D68-B1CD-B15C61936406}
	EndGlobalSection
EndGlobal
